
Microsoft Visual Studio Solution File, Format Version 12.00
# Visual Studio Version 17
VisualStudioVersion = 17.1.32328.378
MinimumVisualStudioVersion = 10.0.40219.1
Project("{FAE04EC0-301F-11D3-BF4B-00C04F79EFBC}") = "PortfolioWeb", "PortfolioWeb\PortfolioWeb.csproj", "{2FC0AB7D-5929-49A3-9273-55E58DD5C784}"
EndProject
Global
	GlobalSection(SolutionConfigurationPlatforms) = preSolution
		Debug|Any CPU = Debug|Any CPU
		Release|Any CPU = Release|Any CPU
	EndGlobalSection
	GlobalSection(ProjectConfigurationPlatforms) = postSolution
		{2FC0AB7D-5929-49A3-9273-55E58DD5C784}.Debug|Any CPU.ActiveCfg = Debug|Any CPU
		{2FC0AB7D-5929-49A3-9273-55E58DD5C784}.Debug|Any CPU.Build.0 = Debug|Any CPU
		{2FC0AB7D-5929-49A3-9273-55E58DD5C784}.Release|Any CPU.ActiveCfg = Release|Any CPU
		{2FC0AB7D-5929-49A3-9273-55E58DD5C784}.Release|Any CPU.Build.0 = Release|Any CPU
	EndGlobalSection
	GlobalSection(SolutionProperties) = preSolution
		HideSolutionNode = FALSE
	EndGlobalSection
	GlobalSection(ExtensibilityGlobals) = postSolution
		SolutionGuid = {02801F0C-7D30-4A3B-8EA3-3ED60E978101}
	EndGlobalSection
EndGlobal
